
Microsoft Visual Studio Solution File, Format Version 12.00
# Visual Studio 15
VisualStudioVersion = 15.0.28307.421
MinimumVisualStudioVersion = 10.0.40219.1
Project("{8BC9CEB8-8B4A-11D0-8D11-00A0C91BC942}") = "SerialHMD_EmulatorWin", "SerialHMD_EmulatorWin.vcxproj", "{152A58DC-5431-47BD-92BD-8C07C4B5F011}"
EndProject
Global
	GlobalSection(SolutionConfigurationPlatforms) = preSolution
		Debug|x64 = Debug|x64
		Debug|x86 = Debug|x86
		Release|x64 = Release|x64
		Release|x86 = Release|x86
	EndGlobalSection
	GlobalSection(ProjectConfigurationPlatforms) = postSolution
		{152A58DC-5431-47BD-92BD-8C07C4B5F011}.Debug|x64.ActiveCfg = Debug|x64
		{152A58DC-5431-47BD-92BD-8C07C4B5F011}.Debug|x64.Build.0 = Debug|x64
		{152A58DC-5431-47BD-92BD-8C07C4B5F011}.Debug|x86.ActiveCfg = Debug|Win32
		{152A58DC-5431-47BD-92BD-8C07C4B5F011}.Debug|x86.Build.0 = Debug|Win32
		{152A58DC-5431-47BD-92BD-8C07C4B5F011}.Release|x64.ActiveCfg = Release|x64
		{152A58DC-5431-47BD-92BD-8C07C4B5F011}.Release|x64.Build.0 = Release|x64
		{152A58DC-5431-47BD-92BD-8C07C4B5F011}.Release|x86.ActiveCfg = Release|Win32
		{152A58DC-5431-47BD-92BD-8C07C4B5F011}.Release|x86.Build.0 = Release|Win32
	EndGlobalSection
	GlobalSection(SolutionProperties) = preSolution
		HideSolutionNode = FALSE
	EndGlobalSection
	GlobalSection(ExtensibilityGlobals) = postSolution
		SolutionGuid = {67C77398-AA47-46E4-ACFB-665B9BEC00A9}
	EndGlobalSection
EndGlobal
